{
  "formatVersion": 1,
  "configChecksum": "sha256:53efbb77fec074f61bfb5e1df77f1a9660047c3374d0fa6cb577f997a395561e",
  "imports": {
    "type-rb/tanstack-query": "github.com/type-rb/tanstack-query-adapter-example"
  },
  "packages": {
    "github.com/type-rb/tanstack-query-adapter-example": {
      "version": "0.1.0",
      "path": "..",
      "manifestChecksum": "sha256:2255267740ba332f4d75c1c62213795cc359b6f7b52a88218030393649cfb77e"
    }
  }
}
